
Microsoft Visual Studio Solution File, Format Version 9.00
# Visual Studio 2005
Project("{8BC9CEB8-8B4A-11D0-8D11-00A0C91BC942}") = "PathFinder", "PathFinder\PathFinder.vcproj", "{BD504CF3-E8BB-4344-B1F9-645040A44451}"
EndProject
Global
	GlobalSection(SolutionConfigurationPlatforms) = preSolution
		Debug|Win32 = Debug|Win32
		Release|Win32 = Release|Win32
	EndGlobalSection
	GlobalSection(ProjectConfigurationPlatforms) = postSolution
		{BD504CF3-E8BB-4344-B1F9-645040A44451}.Debug|Win32.ActiveCfg = Debug|Win32
		{BD504CF3-E8BB-4344-B1F9-645040A44451}.Debug|Win32.Build.0 = Debug|Win32
		{BD504CF3-E8BB-4344-B1F9-645040A44451}.Release|Win32.ActiveCfg = Release|Win32
		{BD504CF3-E8BB-4344-B1F9-645040A44451}.Release|Win32.Build.0 = Release|Win32
	EndGlobalSection
	GlobalSection(SolutionProperties) = preSolution
		HideSolutionNode = FALSE
	EndGlobalSection
EndGlobal
